
Microsoft Visual Studio Solution File, Format Version 12.00
# Visual Studio Version 16
VisualStudioVersion = 16.0.31205.134
MinimumVisualStudioVersion = 10.0.40219.1
Project("{FAE04EC0-301F-11D3-BF4B-00C04F79EFBC}") = "Flyweight", "Flyweight.csproj", "{BF57F212-13D9-4815-BF18-B998446956C1}"
EndProject
Global
	GlobalSection(SolutionConfigurationPlatforms) = preSolution
		Debug|Any CPU = Debug|Any CPU
		Release|Any CPU = Release|Any CPU
	EndGlobalSection
	GlobalSection(ProjectConfigurationPlatforms) = postSolution
		{BF57F212-13D9-4815-BF18-B998446956C1}.Debug|Any CPU.ActiveCfg = Debug|Any CPU
		{BF57F212-13D9-4815-BF18-B998446956C1}.Debug|Any CPU.Build.0 = Debug|Any CPU
		{BF57F212-13D9-4815-BF18-B998446956C1}.Release|Any CPU.ActiveCfg = Release|Any CPU
		{BF57F212-13D9-4815-BF18-B998446956C1}.Release|Any CPU.Build.0 = Release|Any CPU
	EndGlobalSection
	GlobalSection(SolutionProperties) = preSolution
		HideSolutionNode = FALSE
	EndGlobalSection
	GlobalSection(ExtensibilityGlobals) = postSolution
		SolutionGuid = {3D0E3EB6-C704-43E1-A2D5-5FF6995C3552}
	EndGlobalSection
EndGlobal
